<?xml version="1.0" encoding="utf-8"?>
<Project ToolsVersion="4.0" xmlns="http://schemas.microsoft.com/developer/msbuild/2003">
  <ItemGroup>
    <Filter Include="Guest">
      <UniqueIdentifier>{b8135dc1-ed4a-4e65-aeab-af4014315a7c}</UniqueIdentifier>
    </Filter>
    <Filter Include="Proj_Info">
      <UniqueIdentifier>{93995380-89BD-4b04-88EB-625FBE52EBFB}</UniqueIdentifier>
      <Extensions>h;hh;hpp;hxx;hm;inl;inc;xsd</Extensions>
    </Filter>
    <Filter Include="Proj_Info\Chip">
      <UniqueIdentifier>{0dc20128-754e-4bce-83a6-9d7785c31e0c}</UniqueIdentifier>
    </Filter>
    <Filter Include="Proj_Info\Process">
      <UniqueIdentifier>{f5a9a474-3cd4-4019-82e3-237a0c7f1927}</UniqueIdentifier>
    </Filter>
    <Filter Include="Proj_Info\Process\Invocation">
      <UniqueIdentifier>{df34e2f5-34db-4b1f-a229-1aad62abd416}</UniqueIdentifier>
    </Filter>
    <Filter Include="Proj_Info\Process\Kfunc">
      <UniqueIdentifier>{1ce7325c-fcad-472f-a6ab-ca842408b68c}</UniqueIdentifier>
    </Filter>
    <Filter Include="Proj_Info\Process\Port">
      <UniqueIdentifier>{eeb25bd2-a9a4-405f-9fee-6a72a002b647}</UniqueIdentifier>
    </Filter>
    <Filter Include="Proj_Info\Process\Receive">
      <UniqueIdentifier>{e8e191f2-f61b-4ee7-a15a-881369763b26}</UniqueIdentifier>
    </Filter>
    <Filter Include="Proj_Info\Process\Send">
      <UniqueIdentifier>{d322a826-0077-44d3-b3bb-df9ed5cf12ae}</UniqueIdentifier>
    </Filter>
    <Filter Include="Proj_Info\Process\Shmem">
      <UniqueIdentifier>{9efdb398-f233-4526-9644-4228b78e345a}</UniqueIdentifier>
    </Filter>
    <Filter Include="Proj_Info\Process\Thread">
      <UniqueIdentifier>{8a372aa2-0826-4652-b244-2bfd53a40af3}</UniqueIdentifier>
    </Filter>
    <Filter Include="Proj_Info\Process\Vector">
      <UniqueIdentifier>{5eed1ac6-5892-499d-8fc1-cd0dd61d8473}</UniqueIdentifier>
    </Filter>
    <Filter Include="Guest\RMP">
      <UniqueIdentifier>{618700f1-bce5-4d33-a49f-a4ed8f6f078b}</UniqueIdentifier>
    </Filter>
    <Filter Include="Chip_Info">
      <UniqueIdentifier>{e325a0fb-af5a-4414-b9f6-9249eeba82bc}</UniqueIdentifier>
    </Filter>
    <Filter Include="Chip_Info\Config">
      <UniqueIdentifier>{c00727e0-fe45-42ae-aadf-02aaf0301dc0}</UniqueIdentifier>
    </Filter>
    <Filter Include="Chip_Info\Vector">
      <UniqueIdentifier>{7d691187-7e9f-4be9-813f-2d5b9f6da2f1}</UniqueIdentifier>
    </Filter>
  </ItemGroup>
  <ItemGroup>
    <ClCompile Include="..\..\Source\Proj_Info\proj_info.cpp">
      <Filter>Proj_Info</Filter>
    </ClCompile>
    <ClCompile Include="..\..\Source\Proj_Info\Process\process.cpp">
      <Filter>Proj_Info\Process</Filter>
    </ClCompile>
    <ClCompile Include="..\..\Source\Proj_Info\Process\Kfunc\kfunc.cpp">
      <Filter>Proj_Info\Process\Kfunc</Filter>
    </ClCompile>
    <ClCompile Include="..\..\Source\Proj_Info\Process\Vector\vector.cpp">
      <Filter>Proj_Info\Process\Vector</Filter>
    </ClCompile>
    <ClCompile Include="..\..\Source\Proj_Info\Process\Thread\thread.cpp">
      <Filter>Proj_Info\Process\Thread</Filter>
    </ClCompile>
    <ClCompile Include="..\..\Source\Proj_Info\Process\Shmem\shmem.cpp">
      <Filter>Proj_Info\Process\Shmem</Filter>
    </ClCompile>
    <ClCompile Include="..\..\Source\Proj_Info\Process\Send\send.cpp">
      <Filter>Proj_Info\Process\Send</Filter>
    </ClCompile>
    <ClCompile Include="..\..\Source\Proj_Info\Process\Receive\receive.cpp">
      <Filter>Proj_Info\Process\Receive</Filter>
    </ClCompile>
    <ClCompile Include="..\..\Source\Proj_Info\Process\Port\port.cpp">
      <Filter>Proj_Info\Process\Port</Filter>
    </ClCompile>
    <ClCompile Include="..\..\Source\Proj_Info\Process\Invocation\invocation.cpp">
      <Filter>Proj_Info\Process\Invocation</Filter>
    </ClCompile>
    <ClCompile Include="..\..\Source\Guest\guest.cpp">
      <Filter>Guest</Filter>
    </ClCompile>
    <ClCompile Include="..\..\Source\Guest\RMP\rmp.cpp">
      <Filter>Guest\RMP</Filter>
    </ClCompile>
    <ClCompile Include="..\..\Source\Proj_Info\Chip\chip.cpp">
      <Filter>Proj_Info\Chip</Filter>
    </ClCompile>
    <ClCompile Include="..\..\Source\Chip_Info\chip_info.cpp">
      <Filter>Chip_Info</Filter>
    </ClCompile>
    <ClCompile Include="..\..\Source\Chip_Info\Config\config.cpp">
      <Filter>Chip_Info\Config</Filter>
    </ClCompile>
    <ClCompile Include="..\..\Source\Chip_Info\Vector\vector.cpp">
      <Filter>Chip_Info\Vector</Filter>
    </ClCompile>
  </ItemGroup>
</Project>