<?xml version="1.0" encoding="utf-8"?>
<Project ToolsVersion="4.0" xmlns="http://schemas.microsoft.com/developer/msbuild/2003">
  <ItemGroup>
    <Filter Include="Conf_Info">
      <UniqueIdentifier>{8e85f6ba-39fb-4843-bcf0-ab333ad553a2}</UniqueIdentifier>
    </Filter>
    <Filter Include="Chip_Info">
      <UniqueIdentifier>{ab555bae-82b7-4646-b1ce-5f4256e413e4}</UniqueIdentifier>
    </Filter>
    <Filter Include="Gen_Tool">
      <UniqueIdentifier>{433b4e7c-b2ab-49d8-8dc7-1d5aed65cc7c}</UniqueIdentifier>
    </Filter>
    <Filter Include="Mem_Info">
      <UniqueIdentifier>{3c2ed2b1-5e0b-46c0-b7fc-00371e84a1e5}</UniqueIdentifier>
    </Filter>
    <Filter Include="Plat_Info">
      <UniqueIdentifier>{ffc2a129-9e11-4d45-8f8e-6214588fe513}</UniqueIdentifier>
    </Filter>
    <Filter Include="Proj_Info">
      <UniqueIdentifier>{2e29ffa3-95f6-40c8-b423-fbbaa1fde381}</UniqueIdentifier>
    </Filter>
    <Filter Include="Vect_Info">
      <UniqueIdentifier>{afafc075-bfcc-409a-9058-a1d13b4a6f97}</UniqueIdentifier>
    </Filter>
    <Filter Include="Chip_Info\Header">
      <UniqueIdentifier>{a0720ef5-3166-4d04-8b30-536798025d4b}</UniqueIdentifier>
    </Filter>
    <Filter Include="Chip_Info\Source">
      <UniqueIdentifier>{6e6f4275-dffd-4db4-8c70-db40c43b1937}</UniqueIdentifier>
    </Filter>
    <Filter Include="Conf_Info\Header">
      <UniqueIdentifier>{6807b8df-6fa3-4d43-81e6-50a4a54593b7}</UniqueIdentifier>
    </Filter>
    <Filter Include="Conf_Info\Source">
      <UniqueIdentifier>{4ccb6ae9-7424-4396-abcf-c2e147b09d84}</UniqueIdentifier>
    </Filter>
    <Filter Include="Gen_Tool\Build_Gen">
      <UniqueIdentifier>{3b862e25-4ab3-43b3-8d95-1ac3072e6af8}</UniqueIdentifier>
    </Filter>
    <Filter Include="Gen_Tool\Guest_Gen">
      <UniqueIdentifier>{cc254f49-6ff9-4c70-8e0b-2a611d5a792a}</UniqueIdentifier>
    </Filter>
    <Filter Include="Gen_Tool\Plat_Gen">
      <UniqueIdentifier>{28f301a0-2284-424f-92e0-861bb299f888}</UniqueIdentifier>
    </Filter>
    <Filter Include="Gen_Tool\Tool_Gen">
      <UniqueIdentifier>{56d771ec-e7b3-4ed6-ac85-6d329878d819}</UniqueIdentifier>
    </Filter>
    <Filter Include="Gen_Tool\Build_Gen\Header">
      <UniqueIdentifier>{7bdf36a9-5a7a-4843-9aeb-fbd7130fcfa8}</UniqueIdentifier>
    </Filter>
    <Filter Include="Gen_Tool\Build_Gen\Source">
      <UniqueIdentifier>{422badac-3511-492d-bca9-528ac9d3b1d6}</UniqueIdentifier>
    </Filter>
    <Filter Include="Gen_Tool\Guest_Gen\Header">
      <UniqueIdentifier>{eb62d6bc-180b-47f9-8126-81a24c357a01}</UniqueIdentifier>
    </Filter>
    <Filter Include="Gen_Tool\Guest_Gen\Source">
      <UniqueIdentifier>{d76fc721-187c-49bc-aee7-7811b7c665b2}</UniqueIdentifier>
    </Filter>
    <Filter Include="Gen_Tool\Plat_Gen\Header">
      <UniqueIdentifier>{de94b073-4254-462d-bb2c-e3522e8b1e82}</UniqueIdentifier>
    </Filter>
    <Filter Include="Gen_Tool\Plat_Gen\Source">
      <UniqueIdentifier>{39c20154-e4b1-4248-b9fb-21775f80bc3f}</UniqueIdentifier>
    </Filter>
    <Filter Include="Gen_Tool\Tool_Gen\Header">
      <UniqueIdentifier>{816d007f-28fa-444a-8d85-3065993505b5}</UniqueIdentifier>
    </Filter>
    <Filter Include="Gen_Tool\Tool_Gen\Source">
      <UniqueIdentifier>{ed20236c-9737-4de9-bb74-28d010dc2618}</UniqueIdentifier>
    </Filter>
    <Filter Include="Gen_Tool\Header">
      <UniqueIdentifier>{e0131c20-9ac1-40df-ab40-c0b6ae94c2cd}</UniqueIdentifier>
    </Filter>
    <Filter Include="Mem_Info\Header">
      <UniqueIdentifier>{e9c54721-06d8-415d-98f0-0b6aba679d73}</UniqueIdentifier>
    </Filter>
    <Filter Include="Mem_Info\Source">
      <UniqueIdentifier>{4de1be38-2c47-490b-9ac5-41ac1acd7750}</UniqueIdentifier>
    </Filter>
    <Filter Include="Plat_Info\Header">
      <UniqueIdentifier>{d921eda0-e1e5-4063-919b-85a2b874807b}</UniqueIdentifier>
    </Filter>
    <Filter Include="Plat_Info\Source">
      <UniqueIdentifier>{1a2ae92d-412e-48bc-a071-882bef63b35f}</UniqueIdentifier>
    </Filter>
    <Filter Include="Proj_Info\Header">
      <UniqueIdentifier>{062b5070-8722-417f-b079-385a6ae6cf7b}</UniqueIdentifier>
    </Filter>
    <Filter Include="Proj_Info\Source">
      <UniqueIdentifier>{766ae84b-8ebd-4ef2-99da-d0d8a1e0b21b}</UniqueIdentifier>
    </Filter>
    <Filter Include="Proj_Info\Process">
      <UniqueIdentifier>{3cccb5d0-db41-42e9-9187-d4c8e85a9144}</UniqueIdentifier>
    </Filter>
    <Filter Include="Proj_Info\Process\Header">
      <UniqueIdentifier>{5766c1ee-eec1-4c73-8964-597b48cc7ef9}</UniqueIdentifier>
    </Filter>
    <Filter Include="Proj_Info\Process\Source">
      <UniqueIdentifier>{48882683-6178-4b63-b0be-68aa75214916}</UniqueIdentifier>
    </Filter>
    <Filter Include="Vect_Info\Header">
      <UniqueIdentifier>{7e27f3c9-86e9-4602-a805-0936e9dfee65}</UniqueIdentifier>
    </Filter>
    <Filter Include="Vect_Info\Source">
      <UniqueIdentifier>{ac631fc3-b789-46d1-8f18-9be2a8537d9e}</UniqueIdentifier>
    </Filter>
  </ItemGroup>
  <ItemGroup>
    <ClCompile Include="..\..\M7M02_Projgen\Source\Chip_Info\chip_info.cpp">
      <Filter>Chip_Info\Source</Filter>
    </ClCompile>
    <ClCompile Include="..\..\M7M02_Projgen\Source\Conf_Info\conf_info.cpp">
      <Filter>Conf_Info\Source</Filter>
    </ClCompile>
    <ClCompile Include="..\..\M7M02_Projgen\Source\Gen_Tool\Build_Gen\Keil_Gen\keil_gen.cpp">
      <Filter>Gen_Tool\Build_Gen\Source</Filter>
    </ClCompile>
    <ClCompile Include="..\..\M7M02_Projgen\Source\Gen_Tool\Build_Gen\Makefile_Gen\makefile_gen.cpp">
      <Filter>Gen_Tool\Build_Gen\Source</Filter>
    </ClCompile>
    <ClCompile Include="..\..\M7M02_Projgen\Source\Gen_Tool\Build_Gen\build_gen.cpp">
      <Filter>Gen_Tool\Build_Gen\Source</Filter>
    </ClCompile>
    <ClCompile Include="..\..\M7M02_Projgen\Source\Gen_Tool\Guest_Gen\RMP_Gen\rmp_gen.cpp">
      <Filter>Gen_Tool\Guest_Gen\Source</Filter>
    </ClCompile>
    <ClCompile Include="..\..\M7M02_Projgen\Source\Gen_Tool\Guest_Gen\guest_gen.cpp">
      <Filter>Gen_Tool\Guest_Gen\Source</Filter>
    </ClCompile>
    <ClCompile Include="..\..\M7M02_Projgen\Source\Gen_Tool\Plat_Gen\A6M_Gen\a6m_gen.cpp">
      <Filter>Gen_Tool\Plat_Gen\Source</Filter>
    </ClCompile>
    <ClCompile Include="..\..\M7M02_Projgen\Source\Gen_Tool\Plat_Gen\A7M_Gen\a7m_gen.cpp">
      <Filter>Gen_Tool\Plat_Gen\Source</Filter>
    </ClCompile>
    <ClCompile Include="..\..\M7M02_Projgen\Source\Gen_Tool\Plat_Gen\plat_gen.cpp">
      <Filter>Gen_Tool\Plat_Gen\Source</Filter>
    </ClCompile>
    <ClCompile Include="..\..\M7M02_Projgen\Source\Gen_Tool\Tool_Gen\ARMCC_Gen\armcc_gen.cpp">
      <Filter>Gen_Tool\Tool_Gen\Source</Filter>
    </ClCompile>
    <ClCompile Include="..\..\M7M02_Projgen\Source\Gen_Tool\Tool_Gen\GCC_Gen\gcc_gen.cpp">
      <Filter>Gen_Tool\Tool_Gen\Source</Filter>
    </ClCompile>
    <ClCompile Include="..\..\M7M02_Projgen\Source\Gen_Tool\Tool_Gen\tool_gen.cpp">
      <Filter>Gen_Tool\Tool_Gen\Source</Filter>
    </ClCompile>
    <ClCompile Include="..\..\M7M02_Projgen\Source\Gen_Tool\gen_tool.cpp">
      <Filter>Gen_Tool</Filter>
    </ClCompile>
    <ClCompile Include="..\..\M7M02_Projgen\Source\Mem_Info\mem_info.cpp">
      <Filter>Mem_Info\Source</Filter>
    </ClCompile>
    <ClCompile Include="..\..\M7M02_Projgen\Source\Plat_Info\Compatible\compatible.cpp">
      <Filter>Plat_Info\Source</Filter>
    </ClCompile>
    <ClCompile Include="..\..\M7M02_Projgen\Source\Plat_Info\plat_info.cpp">
      <Filter>Plat_Info\Source</Filter>
    </ClCompile>
    <ClCompile Include="..\..\M7M02_Projgen\Source\Proj_Info\Chip\chip.cpp">
      <Filter>Proj_Info\Source</Filter>
    </ClCompile>
    <ClCompile Include="..\..\M7M02_Projgen\Source\Proj_Info\Kernel\kernel.cpp">
      <Filter>Proj_Info\Source</Filter>
    </ClCompile>
    <ClCompile Include="..\..\M7M02_Projgen\Source\Proj_Info\Kobj\kobj.cpp">
      <Filter>Proj_Info\Source</Filter>
    </ClCompile>
    <ClCompile Include="..\..\M7M02_Projgen\Source\Proj_Info\Monitor\monitor.cpp">
      <Filter>Proj_Info\Source</Filter>
    </ClCompile>
    <ClCompile Include="..\..\M7M02_Projgen\Source\Proj_Info\proj_info.cpp">
      <Filter>Proj_Info\Source</Filter>
    </ClCompile>
    <ClCompile Include="..\..\M7M02_Projgen\Source\Proj_Info\Process\Captbl\captbl.cpp">
      <Filter>Proj_Info\Process\Source</Filter>
    </ClCompile>
    <ClCompile Include="..\..\M7M02_Projgen\Source\Proj_Info\Process\Invocation\invocation.cpp">
      <Filter>Proj_Info\Process\Source</Filter>
    </ClCompile>
    <ClCompile Include="..\..\M7M02_Projgen\Source\Proj_Info\Process\Kfunc\kfunc.cpp">
      <Filter>Proj_Info\Process\Source</Filter>
    </ClCompile>
    <ClCompile Include="..\..\M7M02_Projgen\Source\Proj_Info\Process\Pgtbl\pgtbl.cpp">
      <Filter>Proj_Info\Process\Source</Filter>
    </ClCompile>
    <ClCompile Include="..\..\M7M02_Projgen\Source\Proj_Info\Process\Port\port.cpp">
      <Filter>Proj_Info\Process\Source</Filter>
    </ClCompile>
    <ClCompile Include="..\..\M7M02_Projgen\Source\Proj_Info\Process\Receive\receive.cpp">
      <Filter>Proj_Info\Process\Source</Filter>
    </ClCompile>
    <ClCompile Include="..\..\M7M02_Projgen\Source\Proj_Info\Process\Send\send.cpp">
      <Filter>Proj_Info\Process\Source</Filter>
    </ClCompile>
    <ClCompile Include="..\..\M7M02_Projgen\Source\Proj_Info\Process\Shmem\shmem.cpp">
      <Filter>Proj_Info\Process\Source</Filter>
    </ClCompile>
    <ClCompile Include="..\..\M7M02_Projgen\Source\Proj_Info\Process\Thread\thread.cpp">
      <Filter>Proj_Info\Process\Source</Filter>
    </ClCompile>
    <ClCompile Include="..\..\M7M02_Projgen\Source\Proj_Info\Process\Virtual\virtual.cpp">
      <Filter>Proj_Info\Process\Source</Filter>
    </ClCompile>
    <ClCompile Include="..\..\M7M02_Projgen\Source\Proj_Info\Process\process.cpp">
      <Filter>Proj_Info\Process\Source</Filter>
    </ClCompile>
    <ClCompile Include="..\..\M7M02_Projgen\Source\Vect_Info\vect_info.cpp">
      <Filter>Vect_Info\Source</Filter>
    </ClCompile>
    <ClCompile Include="..\..\M7M02_Projgen\Source\rvm_gen.cpp">
      <Filter>Gen_Tool</Filter>
    </ClCompile>
    <ClCompile Include="..\..\..\..\M5P02_Minion\Serdes\XML\xml.c" />
  </ItemGroup>
  <ItemGroup>
    <ClInclude Include="..\..\M7M02_Projgen\Include\Chip_Info\chip_info.hpp">
      <Filter>Chip_Info\Header</Filter>
    </ClInclude>
    <ClInclude Include="..\..\M7M02_Projgen\Include\Conf_Info\conf_info.hpp">
      <Filter>Conf_Info\Header</Filter>
    </ClInclude>
    <ClInclude Include="..\..\M7M02_Projgen\Include\Gen_Tool\gen_tool.hpp">
      <Filter>Gen_Tool\Header</Filter>
    </ClInclude>
    <ClInclude Include="..\..\M7M02_Projgen\Include\rvm_gen.hpp">
      <Filter>Gen_Tool\Header</Filter>
    </ClInclude>
    <ClInclude Include="..\..\M7M02_Projgen\Include\xml_conf.h" />
    <ClInclude Include="..\..\M7M02_Projgen\Include\Gen_Tool\Build_Gen\Keil_Gen\keil_gen.hpp">
      <Filter>Gen_Tool\Build_Gen\Header</Filter>
    </ClInclude>
    <ClInclude Include="..\..\M7M02_Projgen\Include\Gen_Tool\Build_Gen\Makefile_Gen\makefile_gen.hpp">
      <Filter>Gen_Tool\Build_Gen\Header</Filter>
    </ClInclude>
    <ClInclude Include="..\..\M7M02_Projgen\Include\Gen_Tool\Build_Gen\build_gen.hpp">
      <Filter>Gen_Tool\Build_Gen\Header</Filter>
    </ClInclude>
    <ClInclude Include="..\..\M7M02_Projgen\Include\Gen_Tool\Guest_Gen\RMP_Gen\rmp_gen.hpp">
      <Filter>Gen_Tool\Guest_Gen\Header</Filter>
    </ClInclude>
    <ClInclude Include="..\..\M7M02_Projgen\Include\Gen_Tool\Guest_Gen\guest_gen.hpp">
      <Filter>Gen_Tool\Guest_Gen\Header</Filter>
    </ClInclude>
    <ClInclude Include="..\..\M7M02_Projgen\Include\Gen_Tool\Tool_Gen\ARMCC_Gen\armcc_gen.hpp">
      <Filter>Gen_Tool\Tool_Gen\Header</Filter>
    </ClInclude>
    <ClInclude Include="..\..\M7M02_Projgen\Include\Gen_Tool\Tool_Gen\GCC_Gen\gcc_gen.hpp">
      <Filter>Gen_Tool\Tool_Gen\Header</Filter>
    </ClInclude>
    <ClInclude Include="..\..\M7M02_Projgen\Include\Gen_Tool\Tool_Gen\tool_gen.hpp">
      <Filter>Gen_Tool\Tool_Gen\Header</Filter>
    </ClInclude>
    <ClInclude Include="..\..\M7M02_Projgen\Include\Gen_Tool\Plat_Gen\A6M_Gen\a6m_gen.hpp">
      <Filter>Gen_Tool\Plat_Gen\Header</Filter>
    </ClInclude>
    <ClInclude Include="..\..\M7M02_Projgen\Include\Gen_Tool\Plat_Gen\A7M_Gen\a7m_gen.hpp">
      <Filter>Gen_Tool\Plat_Gen\Header</Filter>
    </ClInclude>
    <ClInclude Include="..\..\M7M02_Projgen\Include\Gen_Tool\Plat_Gen\plat_gen.hpp">
      <Filter>Gen_Tool\Plat_Gen\Header</Filter>
    </ClInclude>
    <ClInclude Include="..\..\M7M02_Projgen\Include\Mem_Info\mem_info.hpp">
      <Filter>Mem_Info\Header</Filter>
    </ClInclude>
    <ClInclude Include="..\..\M7M02_Projgen\Include\Vect_Info\vect_info.hpp">
      <Filter>Vect_Info\Header</Filter>
    </ClInclude>
    <ClInclude Include="..\..\M7M02_Projgen\Include\Proj_Info\Chip\chip.hpp">
      <Filter>Proj_Info\Header</Filter>
    </ClInclude>
    <ClInclude Include="..\..\M7M02_Projgen\Include\Proj_Info\Kernel\kernel.hpp">
      <Filter>Proj_Info\Header</Filter>
    </ClInclude>
    <ClInclude Include="..\..\M7M02_Projgen\Include\Proj_Info\Kobj\kobj.hpp">
      <Filter>Proj_Info\Header</Filter>
    </ClInclude>
    <ClInclude Include="..\..\M7M02_Projgen\Include\Proj_Info\Monitor\monitor.hpp">
      <Filter>Proj_Info\Header</Filter>
    </ClInclude>
    <ClInclude Include="..\..\M7M02_Projgen\Include\Proj_Info\proj_info.hpp">
      <Filter>Proj_Info\Header</Filter>
    </ClInclude>
    <ClInclude Include="..\..\M7M02_Projgen\Include\Proj_Info\Process\Captbl\captbl.hpp">
      <Filter>Proj_Info\Process\Header</Filter>
    </ClInclude>
    <ClInclude Include="..\..\M7M02_Projgen\Include\Proj_Info\Process\Invocation\invocation.hpp">
      <Filter>Proj_Info\Process\Header</Filter>
    </ClInclude>
    <ClInclude Include="..\..\M7M02_Projgen\Include\Proj_Info\Process\Kfunc\kfunc.hpp">
      <Filter>Proj_Info\Process\Header</Filter>
    </ClInclude>
    <ClInclude Include="..\..\M7M02_Projgen\Include\Proj_Info\Process\Pgtbl\pgtbl.hpp">
      <Filter>Proj_Info\Process\Header</Filter>
    </ClInclude>
    <ClInclude Include="..\..\M7M02_Projgen\Include\Proj_Info\Process\Port\port.hpp">
      <Filter>Proj_Info\Process\Header</Filter>
    </ClInclude>
    <ClInclude Include="..\..\M7M02_Projgen\Include\Proj_Info\Process\Receive\receive.hpp">
      <Filter>Proj_Info\Process\Header</Filter>
    </ClInclude>
    <ClInclude Include="..\..\M7M02_Projgen\Include\Proj_Info\Process\Send\send.hpp">
      <Filter>Proj_Info\Process\Header</Filter>
    </ClInclude>
    <ClInclude Include="..\..\M7M02_Projgen\Include\Proj_Info\Process\Shmem\shmem.hpp">
      <Filter>Proj_Info\Process\Header</Filter>
    </ClInclude>
    <ClInclude Include="..\..\M7M02_Projgen\Include\Proj_Info\Process\Thread\thread.hpp">
      <Filter>Proj_Info\Process\Header</Filter>
    </ClInclude>
    <ClInclude Include="..\..\M7M02_Projgen\Include\Proj_Info\Process\Virtual\virtual.hpp">
      <Filter>Proj_Info\Process\Header</Filter>
    </ClInclude>
    <ClInclude Include="..\..\M7M02_Projgen\Include\Proj_Info\Process\process.hpp">
      <Filter>Proj_Info\Process\Header</Filter>
    </ClInclude>
    <ClInclude Include="..\..\M7M02_Projgen\Include\Plat_Info\Compatible\compatible.hpp">
      <Filter>Plat_Info\Header</Filter>
    </ClInclude>
    <ClInclude Include="..\..\M7M02_Projgen\Include\Plat_Info\plat_info.hpp">
      <Filter>Plat_Info\Header</Filter>
    </ClInclude>
  </ItemGroup>
</Project>